<?xml version="1.0" encoding="utf-8"?>
<Project ToolsVersion="4.0" xmlns="http://schemas.microsoft.com/developer/msbuild/2003">
  <ItemGroup>
    <FxCompile Include="BloomCombine.hlsl">
      <Filter>Shaders</Filter>
    </FxCompile>
    <FxCompile Include="BloomExtract.hlsl">
      <Filter>Shaders</Filter>
    </FxCompile>
    <FxCompile Include="CS_ForwardPlus.hlsl">
      <Filter>Shaders</Filter>
    </FxCompile>
    <FxCompile Include="GaussianBlur.hlsl">
      <Filter>Shaders</Filter>
    </FxCompile>
    <FxCompile Include="PS_Ball.hlsl">
      <Filter>Shaders</Filter>
    </FxCompile>
    <FxCompile Include="PS_Crosse.hlsl">
      <Filter>Shaders</Filter>
    </FxCompile>
    <FxCompile Include="PS_DepthPreShadow.hlsl">
      <Filter>Shaders</Filter>
    </FxCompile>
    <FxCompile Include="PS_InstStatic.hlsl">
      <Filter>Shaders</Filter>
    </FxCompile>
    <FxCompile Include="PS_NormalMapped.hlsl">
      <Filter>Shaders</Filter>
    </FxCompile>
    <FxCompile Include="PS_Shadow.hlsl">
      <Filter>Shaders</Filter>
    </FxCompile>
    <FxCompile Include="PS_Static.hlsl">
      <Filter>Shaders</Filter>
    </FxCompile>
    <FxCompile Include="VS_Bind.hlsl">
      <Filter>Shaders</Filter>
    </FxCompile>
    <FxCompile Include="VS_DepthPreShadow.hlsl">
      <Filter>Shaders</Filter>
    </FxCompile>
    <FxCompile Include="VS_InstancedStatic.hlsl">
      <Filter>Shaders</Filter>
    </FxCompile>
    <FxCompile Include="VS_Shadow.hlsl">
      <Filter>Shaders</Filter>
    </FxCompile>
    <FxCompile Include="VS_Static.hlsl">
      <Filter>Shaders</Filter>
    </FxCompile>
    <FxCompile Include="VS_TempStatic.hlsl">
      <Filter>Shaders</Filter>
    </FxCompile>
  </ItemGroup>
  <ItemGroup>
    <ClCompile Include="XTime.cpp">
      <Filter>Engine</Filter>
    </ClCompile>
    <ClCompile Include="Window.cpp">
      <Filter>Engine</Filter>
    </ClCompile>
    <ClCompile Include="SpotLight.cpp">
      <Filter>Engine</Filter>
    </ClCompile>
    <ClCompile Include="ResourceManager.cpp">
      <Filter>Engine</Filter>
    </ClCompile>
    <ClCompile Include="PostProcess.cpp">
      <Filter>Engine</Filter>
    </ClCompile>
    <ClCompile Include="Model.cpp">
      <Filter>Engine</Filter>
    </ClCompile>
    <ClCompile Include="Main.cpp">
      <Filter>Engine</Filter>
    </ClCompile>
    <ClCompile Include="InputManager.cpp">
      <Filter>Engine</Filter>
    </ClCompile>
    <ClCompile Include="Game.cpp">
      <Filter>Engine</Filter>
    </ClCompile>
    <ClCompile Include="DDSTextureLoader.cpp">
      <Filter>Engine</Filter>
    </ClCompile>
    <ClCompile Include="DeviceResources.cpp">
      <Filter>Engine</Filter>
    </ClCompile>
    <ClCompile Include="Scene.cpp">
      <Filter>Engine</Filter>
    </ClCompile>
    <ClCompile Include="BoxCollider.cpp">
      <Filter>Components</Filter>
    </ClCompile>
    <ClCompile Include="Button.cpp">
      <Filter>Components</Filter>
    </ClCompile>
    <ClCompile Include="Camera.cpp">
      <Filter>Components</Filter>
    </ClCompile>
    <ClCompile Include="CapsuleCollider.cpp">
      <Filter>Components</Filter>
    </ClCompile>
    <ClCompile Include="Collider.cpp">
      <Filter>Components</Filter>
    </ClCompile>
    <ClCompile Include="GameObject.cpp">
      <Filter>Components</Filter>
    </ClCompile>
    <ClCompile Include="HexagonCollider.cpp">
      <Filter>Components</Filter>
    </ClCompile>
    <ClCompile Include="Physics.cpp">
      <Filter>Components</Filter>
    </ClCompile>
    <ClCompile Include="Renderer.cpp">
      <Filter>Components</Filter>
    </ClCompile>
    <ClCompile Include="SphereCollider.cpp">
      <Filter>Components</Filter>
    </ClCompile>
    <ClCompile Include="Transform.cpp">
      <Filter>Components</Filter>
    </ClCompile>
    <ClCompile Include="UIRenderer.cpp">
      <Filter>Components</Filter>
    </ClCompile>
    <ClCompile Include="..\Bin\imgui\imgui.cpp">
      <Filter>imgui</Filter>
    </ClCompile>
    <ClCompile Include="..\Bin\imgui\imgui_demo.cpp">
      <Filter>imgui</Filter>
    </ClCompile>
    <ClCompile Include="..\Bin\imgui\imgui_draw.cpp">
      <Filter>imgui</Filter>
    </ClCompile>
    <ClCompile Include="..\Bin\imgui\imgui_impl_dx11.cpp">
      <Filter>imgui</Filter>
    </ClCompile>
    <ClCompile Include="CollisionLibrary.cpp">
      <Filter>Math</Filter>
    </ClCompile>
    <ClCompile Include="PointLight.cpp">
      <Filter>Engine</Filter>
    </ClCompile>
    <ClCompile Include="DirectionalLight.cpp">
      <Filter>Engine</Filter>
    </ClCompile>
    <ClCompile Include="AnimatorController.cpp">
      <Filter>Components\Animator Controller</Filter>
    </ClCompile>
    <ClCompile Include="Movement.cpp">
      <Filter>Components\Scripts</Filter>
    </ClCompile>
    <ClCompile Include="MeterBar.cpp">
      <Filter>Components\Scripts</Filter>
    </ClCompile>
    <ClCompile Include="Goal.cpp">
      <Filter>Components\Scripts</Filter>
    </ClCompile>
    <ClCompile Include="FloorController.cpp">
      <Filter>Components\Scripts</Filter>
    </ClCompile>
    <ClCompile Include="Crosse.cpp">
      <Filter>Components\Scripts</Filter>
    </ClCompile>
    <ClCompile Include="State.cpp">
      <Filter>Components\Animator Controller</Filter>
    </ClCompile>
    <ClCompile Include="Transition.cpp">
      <Filter>Components\Animator Controller</Filter>
    </ClCompile>
    <ClCompile Include="Trigger.cpp">
      <Filter>Components\Animator Controller</Filter>
    </ClCompile>
    <ClCompile Include="Parameter.cpp">
      <Filter>Components\Animator Controller</Filter>
    </ClCompile>
    <ClCompile Include="PlayerController.cpp">
      <Filter>Components\Scripts</Filter>
    </ClCompile>
    <ClCompile Include="AI.cpp">
      <Filter>Components\Scripts</Filter>
    </ClCompile>
    <ClCompile Include="BallController.cpp">
      <Filter>Components\Scripts</Filter>
    </ClCompile>
    <ClCompile Include="Scoreboard.cpp">
      <Filter>Components\Scripts</Filter>
    </ClCompile>
    <ClCompile Include="Countdown.cpp">
      <Filter>Components\Scripts</Filter>
    </ClCompile>
    <ClCompile Include="Application.cpp">
      <Filter>Engine</Filter>
    </ClCompile>
    <ClCompile Include="PowerUp.cpp">
      <Filter>Components\Scripts\PowerUps</Filter>
    </ClCompile>
    <ClCompile Include="SuperJump.cpp">
      <Filter>Components\Scripts\PowerUps</Filter>
    </ClCompile>
    <ClCompile Include="PowerUpManager.cpp">
      <Filter>Components\Scripts\PowerUps</Filter>
    </ClCompile>
    <ClCompile Include="Magnet.cpp">
      <Filter>Components\Scripts\PowerUps</Filter>
    </ClCompile>
    <ClCompile Include="Shield.cpp">
      <Filter>Components\Scripts\PowerUps</Filter>
    </ClCompile>
    <ClCompile Include="Credits.cpp">
      <Filter>Components\Scripts</Filter>
    </ClCompile>
  </ItemGroup>
  <ItemGroup>
    <ClInclude Include="XTime.h">
      <Filter>Engine</Filter>
    </ClInclude>
    <ClInclude Include="Window.h">
      <Filter>Engine</Filter>
    </ClInclude>
    <ClInclude Include="SpotLight.h">
      <Filter>Engine</Filter>
    </ClInclude>
    <ClInclude Include="ResourceManager.h">
      <Filter>Engine</Filter>
    </ClInclude>
    <ClInclude Include="PostProcess.h">
      <Filter>Engine</Filter>
    </ClInclude>
    <ClInclude Include="Model.h">
      <Filter>Engine</Filter>
    </ClInclude>
    <ClInclude Include="Includes.h">
      <Filter>Engine</Filter>
    </ClInclude>
    <ClInclude Include="Game.h">
      <Filter>Engine</Filter>
    </ClInclude>
    <ClInclude Include="DDSTextureLoader.h">
      <Filter>Engine</Filter>
    </ClInclude>
    <ClInclude Include="DeviceResources.h">
      <Filter>Engine</Filter>
    </ClInclude>
    <ClInclude Include="Scene.h">
      <Filter>Engine</Filter>
    </ClInclude>
    <ClInclude Include="Application.h">
      <Filter>Engine</Filter>
    </ClInclude>
    <ClInclude Include="BoxCollider.h">
      <Filter>Components</Filter>
    </ClInclude>
    <ClInclude Include="Button.h">
      <Filter>Components</Filter>
    </ClInclude>
    <ClInclude Include="Camera.h">
      <Filter>Components</Filter>
    </ClInclude>
    <ClInclude Include="CapsuleCollider.h">
      <Filter>Components</Filter>
    </ClInclude>
    <ClInclude Include="Collider.h">
      <Filter>Components</Filter>
    </ClInclude>
    <ClInclude Include="Component.h">
      <Filter>Components</Filter>
    </ClInclude>
    <ClInclude Include="GameObject.h">
      <Filter>Components</Filter>
    </ClInclude>
    <ClInclude Include="HexagonCollider.h">
      <Filter>Components</Filter>
    </ClInclude>
    <ClInclude Include="Physics.h">
      <Filter>Components</Filter>
    </ClInclude>
    <ClInclude Include="Renderer.h">
      <Filter>Components</Filter>
    </ClInclude>
    <ClInclude Include="SphereCollider.h">
      <Filter>Components</Filter>
    </ClInclude>
    <ClInclude Include="ReadData.h">
      <Filter>Shaders</Filter>
    </ClInclude>
    <ClInclude Include="Transform.h">
      <Filter>Components</Filter>
    </ClInclude>
    <ClInclude Include="UIRenderer.h">
      <Filter>Components</Filter>
    </ClInclude>
    <ClInclude Include="..\Bin\imgui\imgui.h">
      <Filter>imgui</Filter>
    </ClInclude>
    <ClInclude Include="..\Bin\imgui\imgui_impl_dx11.h">
      <Filter>imgui</Filter>
    </ClInclude>
    <ClInclude Include="..\Bin\imgui\imgui_internal.h">
      <Filter>imgui</Filter>
    </ClInclude>
    <ClInclude Include="matrix3.h">
      <Filter>Math</Filter>
    </ClInclude>
    <ClInclude Include="matrix4.h">
      <Filter>Math</Filter>
    </ClInclude>
    <ClInclude Include="MathStuff.h">
      <Filter>Math</Filter>
    </ClInclude>
    <ClInclude Include="vec3.h">
      <Filter>Math</Filter>
    </ClInclude>
    <ClInclude Include="vec4.h">
      <Filter>Math</Filter>
    </ClInclude>
    <ClInclude Include="CollisionLibrary.h">
      <Filter>Math</Filter>
    </ClInclude>
    <ClInclude Include="Client Wrapper.h">
      <Filter>Server Wrappers</Filter>
    </ClInclude>
    <ClInclude Include="Server Wrapper.h">
      <Filter>Server Wrappers</Filter>
    </ClInclude>
    <ClInclude Include="PointLight.h">
      <Filter>Engine</Filter>
    </ClInclude>
    <ClInclude Include="DirectionalLight.h">
      <Filter>Engine</Filter>
    </ClInclude>
    <ClInclude Include="EDMesh.h">
      <Filter>Engine</Filter>
    </ClInclude>
    <ClInclude Include="InputManager.h">
      <Filter>Engine</Filter>
    </ClInclude>
    <ClInclude Include="AnimatorController.h">
      <Filter>Components\Animator Controller</Filter>
    </ClInclude>
    <ClInclude Include="MeterBar.h">
      <Filter>Components\Scripts</Filter>
    </ClInclude>
    <ClInclude Include="Movement.h">
      <Filter>Components\Scripts</Filter>
    </ClInclude>
    <ClInclude Include="Goal.h">
      <Filter>Components\Scripts</Filter>
    </ClInclude>
    <ClInclude Include="FloorController.h">
      <Filter>Components\Scripts</Filter>
    </ClInclude>
    <ClInclude Include="Crosse.h">
      <Filter>Components\Scripts</Filter>
    </ClInclude>
    <ClInclude Include="State.h">
      <Filter>Components\Animator Controller</Filter>
    </ClInclude>
    <ClInclude Include="Transition.h">
      <Filter>Components\Animator Controller</Filter>
    </ClInclude>
    <ClInclude Include="Trigger.h">
      <Filter>Components\Animator Controller</Filter>
    </ClInclude>
    <ClInclude Include="Parameter.h">
      <Filter>Components\Animator Controller</Filter>
    </ClInclude>
    <ClInclude Include="PlayerController.h">
      <Filter>Components\Scripts</Filter>
    </ClInclude>
    <ClInclude Include="BallController.h">
      <Filter>Components\Scripts</Filter>
    </ClInclude>
    <ClInclude Include="AI.h">
      <Filter>Components\Scripts</Filter>
    </ClInclude>
    <ClInclude Include="Scoreboard.h">
      <Filter>Components\Scripts</Filter>
    </ClInclude>
    <ClInclude Include="Countdown.h">
      <Filter>Components\Scripts</Filter>
    </ClInclude>
    <ClInclude Include="PowerUp.h">
      <Filter>Components\Scripts\PowerUps</Filter>
    </ClInclude>
    <ClInclude Include="SuperJump.h">
      <Filter>Components\Scripts\PowerUps</Filter>
    </ClInclude>
    <ClInclude Include="PowerUpManager.h">
      <Filter>Components\Scripts\PowerUps</Filter>
    </ClInclude>
    <ClInclude Include="Magnet.h">
      <Filter>Components\Scripts</Filter>
    </ClInclude>
    <ClInclude Include="Shield.h">
      <Filter>Components\Scripts\PowerUps</Filter>
    </ClInclude>
    <ClInclude Include="Credits.h">
      <Filter>Components\Scripts</Filter>
    </ClInclude>
  </ItemGroup>
  <ItemGroup>
    <Media Include="..\Assets\Textures\DDS\Mage.dds">
      <Filter>DDS</Filter>
    </Media>
    <Media Include="..\Assets\Textures\DDS\Mage_NM.dds">
      <Filter>DDS</Filter>
    </Media>
    <Media Include="..\Assets\Textures\DDS\Mage_Spec.dds">
      <Filter>DDS</Filter>
    </Media>
    <Media Include="..\Assets\Textures\DDS\Plane.dds">
      <Filter>DDS</Filter>
    </Media>
    <Media Include="..\Assets\Box_Idle.fbm\TestCube.dds">
      <Filter>DDS</Filter>
    </Media>
  </ItemGroup>
  <ItemGroup>
    <None Include="packages.config" />
    <None Include="Bloom.hlsli">
      <Filter>Shaders</Filter>
    </None>
  </ItemGroup>
  <ItemGroup>
    <Filter Include="Engine">
      <UniqueIdentifier>{105997d4-cd53-4d8c-b0cf-af69f35966af}</UniqueIdentifier>
    </Filter>
    <Filter Include="Components">
      <UniqueIdentifier>{9fabb7cf-7cd8-4628-a92f-3719081c2b2e}</UniqueIdentifier>
    </Filter>
    <Filter Include="Shaders">
      <UniqueIdentifier>{93a9b6d4-42bd-47bf-b6a8-8284c92e5e76}</UniqueIdentifier>
    </Filter>
    <Filter Include="imgui">
      <UniqueIdentifier>{40832fba-b438-47b7-ae84-4f1903dcc97a}</UniqueIdentifier>
    </Filter>
    <Filter Include="Math">
      <UniqueIdentifier>{b6ceaee4-d8c9-436e-bf1e-6307f7f504ef}</UniqueIdentifier>
    </Filter>
    <Filter Include="Server Wrappers">
      <UniqueIdentifier>{dad3c826-9a68-4030-9970-80cae87d8f66}</UniqueIdentifier>
    </Filter>
    <Filter Include="DDS">
      <UniqueIdentifier>{46894314-139f-4dca-bde2-d932c4560c9a}</UniqueIdentifier>
    </Filter>
    <Filter Include="Components\Scripts">
      <UniqueIdentifier>{8a2fa4e0-0be4-48c8-9ffe-15546302d4a8}</UniqueIdentifier>
    </Filter>
    <Filter Include="Components\Animator Controller">
      <UniqueIdentifier>{679e5e80-1564-41f7-9fed-ceb0b6ac1f2d}</UniqueIdentifier>
    </Filter>
    <Filter Include="Components\Scripts\PowerUps">
      <UniqueIdentifier>{ef45a6bc-0f94-40fd-aa4a-d6e432ccf050}</UniqueIdentifier>
    </Filter>
  </ItemGroup>
</Project>