
Microsoft Visual Studio Solution File, Format Version 12.00
# Visual Studio 14
VisualStudioVersion = 14.0.25420.1
MinimumVisualStudioVersion = 10.0.40219.1
Project("{8BC9CEB8-8B4A-11D0-8D11-00A0C91BC942}") = "Extinguish", "Extinguish\Extinguish.vcxproj", "{BF52244D-EBE2-4A96-8061-1584285526E9}"
EndProject
Project("{8BC9CEB8-8B4A-11D0-8D11-00A0C91BC942}") = "FBXLoader", "Bin\FBXLoader\FBXLoader.vcxproj", "{D339C0ED-FD2F-402B-9237-F66AF4CA125C}"
EndProject
Project("{8BC9CEB8-8B4A-11D0-8D11-00A0C91BC942}") = "ShaderStructures", "Bin\ShaderStructures\ShaderStructures.vcxproj", "{179BBA62-7114-4D1F-B7B6-2BEDFA346DD7}"
EndProject
Project("{8BC9CEB8-8B4A-11D0-8D11-00A0C91BC942}") = "AnimationLibrary", "Bin\AnimationLibrary\AnimationLibrary.vcxproj", "{F0F4371E-7647-4D97-8D19-EB7BF8209CEE}"
EndProject
Project("{8BC9CEB8-8B4A-11D0-8D11-00A0C91BC942}") = "Server", "Bin\Server\Server.vcxproj", "{136F1F20-69B6-450B-AC39-59A84A160A36}"
EndProject
Project("{8BC9CEB8-8B4A-11D0-8D11-00A0C91BC942}") = "Client", "Bin\Client\Client.vcxproj", "{691B0A42-97C2-4BFA-BAAC-57EE033CC540}"
EndProject
Project("{8BC9CEB8-8B4A-11D0-8D11-00A0C91BC942}") = "TWS Network", "Bin\TWS Network\TWS Network.vcxproj", "{B8F7258A-20BC-4A18-9A0B-E7533A5A3C25}"
EndProject
Project("{2150E333-8FDC-42A3-9474-1A3956D46DE8}") = "Networking", "Networking", "{B90411A8-963E-4AE0-99A9-78E607A2E262}"
EndProject
Global
	GlobalSection(SolutionConfigurationPlatforms) = preSolution
		Debug|ARM = Debug|ARM
		Debug|x64 = Debug|x64
		Debug|x86 = Debug|x86
		Release|ARM = Release|ARM
		Release|x64 = Release|x64
		Release|x86 = Release|x86
	EndGlobalSection
	GlobalSection(ProjectConfigurationPlatforms) = postSolution
		{BF52244D-EBE2-4A96-8061-1584285526E9}.Debug|ARM.ActiveCfg = Debug|Win32
		{BF52244D-EBE2-4A96-8061-1584285526E9}.Debug|x64.ActiveCfg = Debug|x64
		{BF52244D-EBE2-4A96-8061-1584285526E9}.Debug|x64.Build.0 = Debug|x64
		{BF52244D-EBE2-4A96-8061-1584285526E9}.Debug|x86.ActiveCfg = Debug|Win32
		{BF52244D-EBE2-4A96-8061-1584285526E9}.Debug|x86.Build.0 = Debug|Win32
		{BF52244D-EBE2-4A96-8061-1584285526E9}.Release|ARM.ActiveCfg = Release|Win32
		{BF52244D-EBE2-4A96-8061-1584285526E9}.Release|x64.ActiveCfg = Release|x64
		{BF52244D-EBE2-4A96-8061-1584285526E9}.Release|x64.Build.0 = Release|x64
		{BF52244D-EBE2-4A96-8061-1584285526E9}.Release|x86.ActiveCfg = Release|Win32
		{BF52244D-EBE2-4A96-8061-1584285526E9}.Release|x86.Build.0 = Release|Win32
		{D339C0ED-FD2F-402B-9237-F66AF4CA125C}.Debug|ARM.ActiveCfg = Debug|Win32
		{D339C0ED-FD2F-402B-9237-F66AF4CA125C}.Debug|x64.ActiveCfg = Debug|x64
		{D339C0ED-FD2F-402B-9237-F66AF4CA125C}.Debug|x64.Build.0 = Debug|x64
		{D339C0ED-FD2F-402B-9237-F66AF4CA125C}.Debug|x86.ActiveCfg = Debug|Win32
		{D339C0ED-FD2F-402B-9237-F66AF4CA125C}.Debug|x86.Build.0 = Debug|Win32
		{D339C0ED-FD2F-402B-9237-F66AF4CA125C}.Release|ARM.ActiveCfg = Release|Win32
		{D339C0ED-FD2F-402B-9237-F66AF4CA125C}.Release|x64.ActiveCfg = Release|x64
		{D339C0ED-FD2F-402B-9237-F66AF4CA125C}.Release|x64.Build.0 = Release|x64
		{D339C0ED-FD2F-402B-9237-F66AF4CA125C}.Release|x86.ActiveCfg = Release|Win32
		{D339C0ED-FD2F-402B-9237-F66AF4CA125C}.Release|x86.Build.0 = Release|Win32
		{179BBA62-7114-4D1F-B7B6-2BEDFA346DD7}.Debug|ARM.ActiveCfg = Debug|Win32
		{179BBA62-7114-4D1F-B7B6-2BEDFA346DD7}.Debug|x64.ActiveCfg = Debug|x64
		{179BBA62-7114-4D1F-B7B6-2BEDFA346DD7}.Debug|x64.Build.0 = Debug|x64
		{179BBA62-7114-4D1F-B7B6-2BEDFA346DD7}.Debug|x86.ActiveCfg = Debug|Win32
		{179BBA62-7114-4D1F-B7B6-2BEDFA346DD7}.Debug|x86.Build.0 = Debug|Win32
		{179BBA62-7114-4D1F-B7B6-2BEDFA346DD7}.Release|ARM.ActiveCfg = Release|Win32
		{179BBA62-7114-4D1F-B7B6-2BEDFA346DD7}.Release|x64.ActiveCfg = Release|x64
		{179BBA62-7114-4D1F-B7B6-2BEDFA346DD7}.Release|x64.Build.0 = Release|x64
		{179BBA62-7114-4D1F-B7B6-2BEDFA346DD7}.Release|x86.ActiveCfg = Release|Win32
		{179BBA62-7114-4D1F-B7B6-2BEDFA346DD7}.Release|x86.Build.0 = Release|Win32
		{F0F4371E-7647-4D97-8D19-EB7BF8209CEE}.Debug|ARM.ActiveCfg = Debug|Win32
		{F0F4371E-7647-4D97-8D19-EB7BF8209CEE}.Debug|x64.ActiveCfg = Debug|x64
		{F0F4371E-7647-4D97-8D19-EB7BF8209CEE}.Debug|x64.Build.0 = Debug|x64
		{F0F4371E-7647-4D97-8D19-EB7BF8209CEE}.Debug|x86.ActiveCfg = Debug|Win32
		{F0F4371E-7647-4D97-8D19-EB7BF8209CEE}.Debug|x86.Build.0 = Debug|Win32
		{F0F4371E-7647-4D97-8D19-EB7BF8209CEE}.Release|ARM.ActiveCfg = Release|Win32
		{F0F4371E-7647-4D97-8D19-EB7BF8209CEE}.Release|x64.ActiveCfg = Release|x64
		{F0F4371E-7647-4D97-8D19-EB7BF8209CEE}.Release|x64.Build.0 = Release|x64
		{F0F4371E-7647-4D97-8D19-EB7BF8209CEE}.Release|x86.ActiveCfg = Release|Win32
		{F0F4371E-7647-4D97-8D19-EB7BF8209CEE}.Release|x86.Build.0 = Release|Win32
		{136F1F20-69B6-450B-AC39-59A84A160A36}.Debug|ARM.ActiveCfg = Debug|Win32
		{136F1F20-69B6-450B-AC39-59A84A160A36}.Debug|x64.ActiveCfg = Debug|x64
		{136F1F20-69B6-450B-AC39-59A84A160A36}.Debug|x64.Build.0 = Debug|x64
		{136F1F20-69B6-450B-AC39-59A84A160A36}.Debug|x86.ActiveCfg = Debug|Win32
		{136F1F20-69B6-450B-AC39-59A84A160A36}.Debug|x86.Build.0 = Debug|Win32
		{136F1F20-69B6-450B-AC39-59A84A160A36}.Release|ARM.ActiveCfg = Release|Win32
		{136F1F20-69B6-450B-AC39-59A84A160A36}.Release|x64.ActiveCfg = Release|x64
		{136F1F20-69B6-450B-AC39-59A84A160A36}.Release|x64.Build.0 = Release|x64
		{136F1F20-69B6-450B-AC39-59A84A160A36}.Release|x86.ActiveCfg = Release|Win32
		{136F1F20-69B6-450B-AC39-59A84A160A36}.Release|x86.Build.0 = Release|Win32
		{691B0A42-97C2-4BFA-BAAC-57EE033CC540}.Debug|ARM.ActiveCfg = Debug|Win32
		{691B0A42-97C2-4BFA-BAAC-57EE033CC540}.Debug|x64.ActiveCfg = Debug|x64
		{691B0A42-97C2-4BFA-BAAC-57EE033CC540}.Debug|x64.Build.0 = Debug|x64
		{691B0A42-97C2-4BFA-BAAC-57EE033CC540}.Debug|x86.ActiveCfg = Debug|Win32
		{691B0A42-97C2-4BFA-BAAC-57EE033CC540}.Debug|x86.Build.0 = Debug|Win32
		{691B0A42-97C2-4BFA-BAAC-57EE033CC540}.Release|ARM.ActiveCfg = Release|Win32
		{691B0A42-97C2-4BFA-BAAC-57EE033CC540}.Release|x64.ActiveCfg = Release|x64
		{691B0A42-97C2-4BFA-BAAC-57EE033CC540}.Release|x64.Build.0 = Release|x64
		{691B0A42-97C2-4BFA-BAAC-57EE033CC540}.Release|x86.ActiveCfg = Release|Win32
		{691B0A42-97C2-4BFA-BAAC-57EE033CC540}.Release|x86.Build.0 = Release|Win32
		{B8F7258A-20BC-4A18-9A0B-E7533A5A3C25}.Debug|ARM.ActiveCfg = Debug|Win32
		{B8F7258A-20BC-4A18-9A0B-E7533A5A3C25}.Debug|x64.ActiveCfg = Debug|x64
		{B8F7258A-20BC-4A18-9A0B-E7533A5A3C25}.Debug|x64.Build.0 = Debug|x64
		{B8F7258A-20BC-4A18-9A0B-E7533A5A3C25}.Debug|x86.ActiveCfg = Debug|Win32
		{B8F7258A-20BC-4A18-9A0B-E7533A5A3C25}.Debug|x86.Build.0 = Debug|Win32
		{B8F7258A-20BC-4A18-9A0B-E7533A5A3C25}.Release|ARM.ActiveCfg = Release|Win32
		{B8F7258A-20BC-4A18-9A0B-E7533A5A3C25}.Release|x64.ActiveCfg = Release|x64
		{B8F7258A-20BC-4A18-9A0B-E7533A5A3C25}.Release|x64.Build.0 = Release|x64
		{B8F7258A-20BC-4A18-9A0B-E7533A5A3C25}.Release|x86.ActiveCfg = Release|Win32
		{B8F7258A-20BC-4A18-9A0B-E7533A5A3C25}.Release|x86.Build.0 = Release|Win32
	EndGlobalSection
	GlobalSection(SolutionProperties) = preSolution
		HideSolutionNode = FALSE
	EndGlobalSection
	GlobalSection(NestedProjects) = preSolution
		{136F1F20-69B6-450B-AC39-59A84A160A36} = {B90411A8-963E-4AE0-99A9-78E607A2E262}
		{691B0A42-97C2-4BFA-BAAC-57EE033CC540} = {B90411A8-963E-4AE0-99A9-78E607A2E262}
		{B8F7258A-20BC-4A18-9A0B-E7533A5A3C25} = {B90411A8-963E-4AE0-99A9-78E607A2E262}
	EndGlobalSection
EndGlobal
